
Microsoft Visual Studio Solution File, Format Version 12.00
# Visual Studio Version 17
VisualStudioVersion = 17.4.33205.214
MinimumVisualStudioVersion = 10.0.40219.1
Project("{FAE04EC0-301F-11D3-BF4B-00C04F79EFBC}") = "WebApplication1", "WebApplication1\WebApplication1.csproj", "{442658DF-7770-4BB8-9F2E-CF76F8543000}"
EndProject
Project("{FAE04EC0-301F-11D3-BF4B-00C04F79EFBC}") = "DataAccesLayer", "DataAccesLayer\DataAccesLayer.csproj", "{1176F243-93BF-4D8E-B3F3-A1BCB620061F}"
EndProject
Global
	GlobalSection(SolutionConfigurationPlatforms) = preSolution
		Debug|Any CPU = Debug|Any CPU
		Release|Any CPU = Release|Any CPU
	EndGlobalSection
	GlobalSection(ProjectConfigurationPlatforms) = postSolution
		{442658DF-7770-4BB8-9F2E-CF76F8543000}.Debug|Any CPU.ActiveCfg = Debug|Any CPU
		{442658DF-7770-4BB8-9F2E-CF76F8543000}.Debug|Any CPU.Build.0 = Debug|Any CPU
		{442658DF-7770-4BB8-9F2E-CF76F8543000}.Release|Any CPU.ActiveCfg = Release|Any CPU
		{442658DF-7770-4BB8-9F2E-CF76F8543000}.Release|Any CPU.Build.0 = Release|Any CPU
		{1176F243-93BF-4D8E-B3F3-A1BCB620061F}.Debug|Any CPU.ActiveCfg = Debug|Any CPU
		{1176F243-93BF-4D8E-B3F3-A1BCB620061F}.Debug|Any CPU.Build.0 = Debug|Any CPU
		{1176F243-93BF-4D8E-B3F3-A1BCB620061F}.Release|Any CPU.ActiveCfg = Release|Any CPU
		{1176F243-93BF-4D8E-B3F3-A1BCB620061F}.Release|Any CPU.Build.0 = Release|Any CPU
	EndGlobalSection
	GlobalSection(SolutionProperties) = preSolution
		HideSolutionNode = FALSE
	EndGlobalSection
	GlobalSection(ExtensibilityGlobals) = postSolution
		SolutionGuid = {6B71892C-84B5-4163-940C-7B5BA46BC0E3}
	EndGlobalSection
EndGlobal
